
Microsoft Visual Studio Solution File, Format Version 12.00
# Visual Studio 15
VisualStudioVersion = 15.0.28010.2016
MinimumVisualStudioVersion = 10.0.40219.1
Project("{FAE04EC0-301F-11D3-BF4B-00C04F79EFBC}") = "RequestRabbitMQ", "RequestRabbitMQ\RequestRabbitMQ.csproj", "{C023C722-57D3-4E95-A215-83A1AB4033A3}"
EndProject
Global
	GlobalSection(SolutionConfigurationPlatforms) = preSolution
		Debug|Any CPU = Debug|Any CPU
		Release|Any CPU = Release|Any CPU
	EndGlobalSection
	GlobalSection(ProjectConfigurationPlatforms) = postSolution
		{C023C722-57D3-4E95-A215-83A1AB4033A3}.Debug|Any CPU.ActiveCfg = Debug|Any CPU
		{C023C722-57D3-4E95-A215-83A1AB4033A3}.Debug|Any CPU.Build.0 = Debug|Any CPU
		{C023C722-57D3-4E95-A215-83A1AB4033A3}.Release|Any CPU.ActiveCfg = Release|Any CPU
		{C023C722-57D3-4E95-A215-83A1AB4033A3}.Release|Any CPU.Build.0 = Release|Any CPU
	EndGlobalSection
	GlobalSection(SolutionProperties) = preSolution
		HideSolutionNode = FALSE
	EndGlobalSection
	GlobalSection(ExtensibilityGlobals) = postSolution
		SolutionGuid = {73988AE2-9255-41F5-8832-E67BC402C257}
	EndGlobalSection
EndGlobal
